
Microsoft Visual Studio Solution File, Format Version 12.00
# Visual Studio Version 16
VisualStudioVersion = 16.0.30114.105
MinimumVisualStudioVersion = 10.0.40219.1
Project("{9A19103F-16F7-4668-BE54-9A1E7A4F7556}") = "AplikacjaASPNET", "AplikacjaASPNET\AplikacjaASPNET.csproj", "{C28FD898-30E0-4E8F-839C-4C463D8CE89B}"
EndProject
Project("{9A19103F-16F7-4668-BE54-9A1E7A4F7556}") = "Competitions.Application", "Competitions.Application\Competitions.Application.csproj", "{D0ED84DA-BE0F-4162-8F11-752A1DFC33A2}"
EndProject
Project("{9A19103F-16F7-4668-BE54-9A1E7A4F7556}") = "Competitions.Domain", "Competitions.Domain\Competitions.Domain.csproj", "{4BFD814B-F74B-44B0-BD82-5D2F0416AAC9}"
EndProject
Project("{9A19103F-16F7-4668-BE54-9A1E7A4F7556}") = "Competitions.Infrastructure", "Competitions.Infrastructure\Competitions.Infrastructure.csproj", "{C627AD71-1081-475B-AB4B-05B1C6F30A49}"
EndProject
Global
	GlobalSection(SolutionConfigurationPlatforms) = preSolution
		Debug|Any CPU = Debug|Any CPU
		Release|Any CPU = Release|Any CPU
	EndGlobalSection
	GlobalSection(ProjectConfigurationPlatforms) = postSolution
		{C28FD898-30E0-4E8F-839C-4C463D8CE89B}.Debug|Any CPU.ActiveCfg = Debug|Any CPU
		{C28FD898-30E0-4E8F-839C-4C463D8CE89B}.Debug|Any CPU.Build.0 = Debug|Any CPU
		{C28FD898-30E0-4E8F-839C-4C463D8CE89B}.Release|Any CPU.ActiveCfg = Release|Any CPU
		{C28FD898-30E0-4E8F-839C-4C463D8CE89B}.Release|Any CPU.Build.0 = Release|Any CPU
		{D0ED84DA-BE0F-4162-8F11-752A1DFC33A2}.Debug|Any CPU.ActiveCfg = Debug|Any CPU
		{D0ED84DA-BE0F-4162-8F11-752A1DFC33A2}.Debug|Any CPU.Build.0 = Debug|Any CPU
		{D0ED84DA-BE0F-4162-8F11-752A1DFC33A2}.Release|Any CPU.ActiveCfg = Release|Any CPU
		{D0ED84DA-BE0F-4162-8F11-752A1DFC33A2}.Release|Any CPU.Build.0 = Release|Any CPU
		{4BFD814B-F74B-44B0-BD82-5D2F0416AAC9}.Debug|Any CPU.ActiveCfg = Debug|Any CPU
		{4BFD814B-F74B-44B0-BD82-5D2F0416AAC9}.Debug|Any CPU.Build.0 = Debug|Any CPU
		{4BFD814B-F74B-44B0-BD82-5D2F0416AAC9}.Release|Any CPU.ActiveCfg = Release|Any CPU
		{4BFD814B-F74B-44B0-BD82-5D2F0416AAC9}.Release|Any CPU.Build.0 = Release|Any CPU
		{C627AD71-1081-475B-AB4B-05B1C6F30A49}.Debug|Any CPU.ActiveCfg = Debug|Any CPU
		{C627AD71-1081-475B-AB4B-05B1C6F30A49}.Debug|Any CPU.Build.0 = Debug|Any CPU
		{C627AD71-1081-475B-AB4B-05B1C6F30A49}.Release|Any CPU.ActiveCfg = Release|Any CPU
		{C627AD71-1081-475B-AB4B-05B1C6F30A49}.Release|Any CPU.Build.0 = Release|Any CPU
	EndGlobalSection
	GlobalSection(SolutionProperties) = preSolution
		HideSolutionNode = FALSE
	EndGlobalSection
	GlobalSection(ExtensibilityGlobals) = postSolution
		SolutionGuid = {9E8838CB-5C89-45F1-9551-98798A8FF8DE}
	EndGlobalSection
EndGlobal
